
Microsoft Visual Studio Solution File, Format Version 12.00
# Visual Studio Version 16
VisualStudioVersion = 16.0.35325.158
MinimumVisualStudioVersion = 10.0.40219.1
Project("{8BC9CEB8-8B4A-11D0-8D11-00A0C91BC942}") = "ApplicationLoopback", "ApplicationLoopback.vcxproj", "{6E745655-513E-4713-B3AB-D6D3F62D7734}"
EndProject
Project("{8BC9CEB8-8B4A-11D0-8D11-00A0C91BC942}") = "thx_util", "..\..\..\..\..\thx\thx_util\vs\thx_util\thx_util.vcxproj", "{DBD76474-56DE-472D-BB1D-772D4B30AE0F}"
EndProject
Project("{8BC9CEB8-8B4A-11D0-8D11-00A0C91BC942}") = "thx_util_Logging_TraceLogging", "..\..\..\..\..\thx\thx_util\vs\thx_util_Logging_TraceLogging\thx_util_Logging_TraceLogging.vcxproj", "{834A22F2-237B-4146-A494-C6A460AEF6F1}"
EndProject
Global
	GlobalSection(SolutionConfigurationPlatforms) = preSolution
		Debug|x64 = Debug|x64
		Debug|x86 = Debug|x86
		Release|x64 = Release|x64
		Release|x86 = Release|x86
		Static Debug SSE2|x64 = Static Debug SSE2|x64
		Static Debug SSE2|x86 = Static Debug SSE2|x86
		Static Debug|x64 = Static Debug|x64
		Static Debug|x86 = Static Debug|x86
		Static Release SSE2|x64 = Static Release SSE2|x64
		Static Release SSE2|x86 = Static Release SSE2|x86
		Static Release|x64 = Static Release|x64
		Static Release|x86 = Static Release|x86
	EndGlobalSection
	GlobalSection(ProjectConfigurationPlatforms) = postSolution
		{6E745655-513E-4713-B3AB-D6D3F62D7734}.Debug|x64.ActiveCfg = Debug|x64
		{6E745655-513E-4713-B3AB-D6D3F62D7734}.Debug|x64.Build.0 = Debug|x64
		{6E745655-513E-4713-B3AB-D6D3F62D7734}.Debug|x86.ActiveCfg = Debug|Win32
		{6E745655-513E-4713-B3AB-D6D3F62D7734}.Debug|x86.Build.0 = Debug|Win32
		{6E745655-513E-4713-B3AB-D6D3F62D7734}.Release|x64.ActiveCfg = Release|x64
		{6E745655-513E-4713-B3AB-D6D3F62D7734}.Release|x64.Build.0 = Release|x64
		{6E745655-513E-4713-B3AB-D6D3F62D7734}.Release|x86.ActiveCfg = Release|Win32
		{6E745655-513E-4713-B3AB-D6D3F62D7734}.Release|x86.Build.0 = Release|Win32
		{6E745655-513E-4713-B3AB-D6D3F62D7734}.Static Debug SSE2|x64.ActiveCfg = Debug|x64
		{6E745655-513E-4713-B3AB-D6D3F62D7734}.Static Debug SSE2|x64.Build.0 = Debug|x64
		{6E745655-513E-4713-B3AB-D6D3F62D7734}.Static Debug SSE2|x86.ActiveCfg = Debug|Win32
		{6E745655-513E-4713-B3AB-D6D3F62D7734}.Static Debug SSE2|x86.Build.0 = Debug|Win32
		{6E745655-513E-4713-B3AB-D6D3F62D7734}.Static Debug|x64.ActiveCfg = Debug|x64
		{6E745655-513E-4713-B3AB-D6D3F62D7734}.Static Debug|x64.Build.0 = Debug|x64
		{6E745655-513E-4713-B3AB-D6D3F62D7734}.Static Debug|x86.ActiveCfg = Debug|Win32
		{6E745655-513E-4713-B3AB-D6D3F62D7734}.Static Debug|x86.Build.0 = Debug|Win32
		{6E745655-513E-4713-B3AB-D6D3F62D7734}.Static Release SSE2|x64.ActiveCfg = Release|x64
		{6E745655-513E-4713-B3AB-D6D3F62D7734}.Static Release SSE2|x64.Build.0 = Release|x64
		{6E745655-513E-4713-B3AB-D6D3F62D7734}.Static Release SSE2|x86.ActiveCfg = Release|Win32
		{6E745655-513E-4713-B3AB-D6D3F62D7734}.Static Release SSE2|x86.Build.0 = Release|Win32
		{6E745655-513E-4713-B3AB-D6D3F62D7734}.Static Release|x64.ActiveCfg = Release|x64
		{6E745655-513E-4713-B3AB-D6D3F62D7734}.Static Release|x64.Build.0 = Release|x64
		{6E745655-513E-4713-B3AB-D6D3F62D7734}.Static Release|x86.ActiveCfg = Release|Win32
		{6E745655-513E-4713-B3AB-D6D3F62D7734}.Static Release|x86.Build.0 = Release|Win32
		{DBD76474-56DE-472D-BB1D-772D4B30AE0F}.Debug|x64.ActiveCfg = Debug|x64
		{DBD76474-56DE-472D-BB1D-772D4B30AE0F}.Debug|x64.Build.0 = Debug|x64
		{DBD76474-56DE-472D-BB1D-772D4B30AE0F}.Debug|x86.ActiveCfg = Debug|Win32
		{DBD76474-56DE-472D-BB1D-772D4B30AE0F}.Debug|x86.Build.0 = Debug|Win32
		{DBD76474-56DE-472D-BB1D-772D4B30AE0F}.Release|x64.ActiveCfg = Release|x64
		{DBD76474-56DE-472D-BB1D-772D4B30AE0F}.Release|x64.Build.0 = Release|x64
		{DBD76474-56DE-472D-BB1D-772D4B30AE0F}.Release|x86.ActiveCfg = Release|Win32
		{DBD76474-56DE-472D-BB1D-772D4B30AE0F}.Release|x86.Build.0 = Release|Win32
		{DBD76474-56DE-472D-BB1D-772D4B30AE0F}.Static Debug SSE2|x64.ActiveCfg = Static Debug SSE2|x64
		{DBD76474-56DE-472D-BB1D-772D4B30AE0F}.Static Debug SSE2|x64.Build.0 = Static Debug SSE2|x64
		{DBD76474-56DE-472D-BB1D-772D4B30AE0F}.Static Debug SSE2|x86.ActiveCfg = Static Debug SSE2|Win32
		{DBD76474-56DE-472D-BB1D-772D4B30AE0F}.Static Debug SSE2|x86.Build.0 = Static Debug SSE2|Win32
		{DBD76474-56DE-472D-BB1D-772D4B30AE0F}.Static Debug|x64.ActiveCfg = Static Debug|x64
		{DBD76474-56DE-472D-BB1D-772D4B30AE0F}.Static Debug|x64.Build.0 = Static Debug|x64
		{DBD76474-56DE-472D-BB1D-772D4B30AE0F}.Static Debug|x86.ActiveCfg = Static Debug|Win32
		{DBD76474-56DE-472D-BB1D-772D4B30AE0F}.Static Debug|x86.Build.0 = Static Debug|Win32
		{DBD76474-56DE-472D-BB1D-772D4B30AE0F}.Static Release SSE2|x64.ActiveCfg = Static Release SSE2|x64
		{DBD76474-56DE-472D-BB1D-772D4B30AE0F}.Static Release SSE2|x64.Build.0 = Static Release SSE2|x64
		{DBD76474-56DE-472D-BB1D-772D4B30AE0F}.Static Release SSE2|x86.ActiveCfg = Static Release SSE2|Win32
		{DBD76474-56DE-472D-BB1D-772D4B30AE0F}.Static Release SSE2|x86.Build.0 = Static Release SSE2|Win32
		{DBD76474-56DE-472D-BB1D-772D4B30AE0F}.Static Release|x64.ActiveCfg = Static Release|x64
		{DBD76474-56DE-472D-BB1D-772D4B30AE0F}.Static Release|x64.Build.0 = Static Release|x64
		{DBD76474-56DE-472D-BB1D-772D4B30AE0F}.Static Release|x86.ActiveCfg = Static Release|Win32
		{DBD76474-56DE-472D-BB1D-772D4B30AE0F}.Static Release|x86.Build.0 = Static Release|Win32
		{834A22F2-237B-4146-A494-C6A460AEF6F1}.Debug|x64.ActiveCfg = Debug|x64
		{834A22F2-237B-4146-A494-C6A460AEF6F1}.Debug|x64.Build.0 = Debug|x64
		{834A22F2-237B-4146-A494-C6A460AEF6F1}.Debug|x86.ActiveCfg = Debug|Win32
		{834A22F2-237B-4146-A494-C6A460AEF6F1}.Debug|x86.Build.0 = Debug|Win32
		{834A22F2-237B-4146-A494-C6A460AEF6F1}.Release|x64.ActiveCfg = Release|x64
		{834A22F2-237B-4146-A494-C6A460AEF6F1}.Release|x64.Build.0 = Release|x64
		{834A22F2-237B-4146-A494-C6A460AEF6F1}.Release|x86.ActiveCfg = Release|Win32
		{834A22F2-237B-4146-A494-C6A460AEF6F1}.Release|x86.Build.0 = Release|Win32
		{834A22F2-237B-4146-A494-C6A460AEF6F1}.Static Debug SSE2|x64.ActiveCfg = Static Debug|x64
		{834A22F2-237B-4146-A494-C6A460AEF6F1}.Static Debug SSE2|x64.Build.0 = Static Debug|x64
		{834A22F2-237B-4146-A494-C6A460AEF6F1}.Static Debug SSE2|x86.ActiveCfg = Static Debug|Win32
		{834A22F2-237B-4146-A494-C6A460AEF6F1}.Static Debug SSE2|x86.Build.0 = Static Debug|Win32
		{834A22F2-237B-4146-A494-C6A460AEF6F1}.Static Debug|x64.ActiveCfg = Static Debug|x64
		{834A22F2-237B-4146-A494-C6A460AEF6F1}.Static Debug|x64.Build.0 = Static Debug|x64
		{834A22F2-237B-4146-A494-C6A460AEF6F1}.Static Debug|x86.ActiveCfg = Static Debug|Win32
		{834A22F2-237B-4146-A494-C6A460AEF6F1}.Static Debug|x86.Build.0 = Static Debug|Win32
		{834A22F2-237B-4146-A494-C6A460AEF6F1}.Static Release SSE2|x64.ActiveCfg = Static Release|x64
		{834A22F2-237B-4146-A494-C6A460AEF6F1}.Static Release SSE2|x64.Build.0 = Static Release|x64
		{834A22F2-237B-4146-A494-C6A460AEF6F1}.Static Release SSE2|x86.ActiveCfg = Static Release|Win32
		{834A22F2-237B-4146-A494-C6A460AEF6F1}.Static Release SSE2|x86.Build.0 = Static Release|Win32
		{834A22F2-237B-4146-A494-C6A460AEF6F1}.Static Release|x64.ActiveCfg = Static Release|x64
		{834A22F2-237B-4146-A494-C6A460AEF6F1}.Static Release|x64.Build.0 = Static Release|x64
		{834A22F2-237B-4146-A494-C6A460AEF6F1}.Static Release|x86.ActiveCfg = Static Release|Win32
		{834A22F2-237B-4146-A494-C6A460AEF6F1}.Static Release|x86.Build.0 = Static Release|Win32
	EndGlobalSection
	GlobalSection(SolutionProperties) = preSolution
		HideSolutionNode = FALSE
	EndGlobalSection
	GlobalSection(ExtensibilityGlobals) = postSolution
		SolutionGuid = {64406148-8C03-42D2-8A2A-C14A03CFF8E3}
	EndGlobalSection
EndGlobal
